// !$*UTF8*$!
{
	archiveVersion = 1;
	classes = {
	};
	objectVersion = 50;
	objects = {

/* Begin PBXBuildFile section */
		FACF9D3125FEA07C00A0D913 /* AppDelegate.swift in Sources */ = {isa = PBXBuildFile; fileRef = FACF9D3025FEA07C00A0D913 /* AppDelegate.swift */; };
		FACF9D3325FEA07C00A0D913 /* SceneDelegate.swift in Sources */ = {isa = PBXBuildFile; fileRef = FACF9D3225FEA07C00A0D913 /* SceneDelegate.swift */; };
		FACF9D3525FEA07C00A0D913 /* ViewController.swift in Sources */ = {isa = PBXBuildFile; fileRef = FACF9D3425FEA07C00A0D913 /* ViewController.swift */; };
		FACF9D3825FEA07C00A0D913 /* Main.storyboard in Resources */ = {isa = PBXBuildFile; fileRef = FACF9D3625FEA07C00A0D913 /* Main.storyboard */; };
		FACF9D3B25FEA07C00A0D913 /* apiQRCode.xcdatamodeld in Sources */ = {isa = PBXBuildFile; fileRef = FACF9D3925FEA07C00A0D913 /* apiQRCode.xcdatamodeld */; };
		FACF9D3D25FEA08000A0D913 /* Assets.xcassets in Resources */ = {isa = PBXBuildFile; fileRef = FACF9D3C25FEA08000A0D913 /* Assets.xcassets */; };
		FACF9D4025FEA08000A0D913 /* LaunchScreen.storyboard in Resources */ = {isa = PBXBuildFile; fileRef = FACF9D3E25FEA08000A0D913 /* LaunchScreen.storyboard */; };
		FACF9D4B25FEA08100A0D913 /* apiQRCodeTests.swift in Sources */ = {isa = PBXBuildFile; fileRef = FACF9D4A25FEA08100A0D913 /* apiQRCodeTests.swift */; };
		FACF9D5625FEA08100A0D913 /* apiQRCodeUITests.swift in Sources */ = {isa = PBXBuildFile; fileRef = FACF9D5525FEA08100A0D913 /* apiQRCodeUITests.swift */; };
/* End PBXBuildFile section */

/* Begin PBXContainerItemProxy section */
		FACF9D4725FEA08100A0D913 /* PBXContainerItemProxy */ = {
			isa = PBXContainerItemProxy;
			containerPortal = FACF9D2525FEA07C00A0D913 /* Project object */;
			proxyType = 1;
			remoteGlobalIDString = FACF9D2C25FEA07C00A0D913;
			remoteInfo = apiQRCode;
		};
		FACF9D5225FEA08100A0D913 /* PBXContainerItemProxy */ = {
			isa = PBXContainerItemProxy;
			containerPortal = FACF9D2525FEA07C00A0D913 /* Project object */;
			proxyType = 1;
			remoteGlobalIDString = FACF9D2C25FEA07C00A0D913;
			remoteInfo = apiQRCode;
		};
/* End PBXContainerItemProxy section */

/* Begin PBXFileReference section */
		FACF9D2D25FEA07C00A0D913 /* apiQRCode.app */ = {isa = PBXFileReference; explicitFileType = wrapper.application; includeInIndex = 0; path = apiQRCode.app; sourceTree = BUILT_PRODUCTS_DIR; };
		FACF9D3025FEA07C00A0D913 /* AppDelegate.swift */ = {isa = PBXFileReference; lastKnownFileType = sourcecode.swift; path = AppDelegate.swift; sourceTree = "<group>"; };
		FACF9D3225FEA07C00A0D913 /* SceneDelegate.swift */ = {isa = PBXFileReference; lastKnownFileType = sourcecode.swift; path = SceneDelegate.swift; sourceTree = "<group>"; };
		FACF9D3425FEA07C00A0D913 /* ViewController.swift */ = {isa = PBXFileReference; lastKnownFileType = sourcecode.swift; path = ViewController.swift; sourceTree = "<group>"; };
		FACF9D3725FEA07C00A0D913 /* Base */ = {isa = PBXFileReference; lastKnownFileType = file.storyboard; name = Base; path = Base.lproj/Main.storyboard; sourceTree = "<group>"; };
		FACF9D3A25FEA07C00A0D913 /* apiQRCode.xcdatamodel */ = {isa = PBXFileReference; lastKnownFileType = wrapper.xcdatamodel; path = apiQRCode.xcdatamodel; sourceTree = "<group>"; };
		FACF9D3C25FEA08000A0D913 /* Assets.xcassets */ = {isa = PBXFileReference; lastKnownFileType = folder.assetcatalog; path = Assets.xcassets; sourceTree = "<group>"; };
		FACF9D3F25FEA08000A0D913 /* Base */ = {isa = PBXFileReference; lastKnownFileType = file.storyboard; name = Base; path = Base.lproj/LaunchScreen.storyboard; sourceTree = "<group>"; };
		FACF9D4125FEA08000A0D913 /* Info.plist */ = {isa = PBXFileReference; lastKnownFileType = text.plist.xml; path = Info.plist; sourceTree = "<group>"; };
		FACF9D4625FEA08100A0D913 /* apiQRCodeTests.xctest */ = {isa = PBXFileReference; explicitFileType = wrapper.cfbundle; includeInIndex = 0; path = apiQRCodeTests.xctest; sourceTree = BUILT_PRODUCTS_DIR; };
		FACF9D4A25FEA08100A0D913 /* apiQRCodeTests.swift */ = {isa = PBXFileReference; lastKnownFileType = sourcecode.swift; path = apiQRCodeTests.swift; sourceTree = "<group>"; };
		FACF9D4C25FEA08100A0D913 /* Info.plist */ = {isa = PBXFileReference; lastKnownFileType = text.plist.xml; path = Info.plist; sourceTree = "<group>"; };
		FACF9D5125FEA08100A0D913 /* apiQRCodeUITests.xctest */ = {isa = PBXFileReference; explicitFileType = wrapper.cfbundle; includeInIndex = 0; path = apiQRCodeUITests.xctest; sourceTree = BUILT_PRODUCTS_DIR; };
		FACF9D5525FEA08100A0D913 /* apiQRCodeUITests.swift */ = {isa = PBXFileReference; lastKnownFileType = sourcecode.swift; path = apiQRCodeUITests.swift; sourceTree = "<group>"; };
		FACF9D5725FEA08100A0D913 /* Info.plist */ = {isa = PBXFileReference; lastKnownFileType = text.plist.xml; path = Info.plist; sourceTree = "<group>"; };
/* End PBXFileReference section */

/* Begin PBXFrameworksBuildPhase section */
		FACF9D2A25FEA07C00A0D913 /* Frameworks */ = {
			isa = PBXFrameworksBuildPhase;
			buildActionMask = 2147483647;
			files = (
			);
			runOnlyForDeploymentPostprocessing = 0;
		};
		FACF9D4325FEA08100A0D913 /* Frameworks */ = {
			isa = PBXFrameworksBuildPhase;
			buildActionMask = 2147483647;
			files = (
			);
			runOnlyForDeploymentPostprocessing = 0;
		};
		FACF9D4E25FEA08100A0D913 /* Frameworks */ = {
			isa = PBXFrameworksBuildPhase;
			buildActionMask = 2147483647;
			files = (
			);
			runOnlyForDeploymentPostprocessing = 0;
		};
/* End PBXFrameworksBuildPhase section */

/* Begin PBXGroup section */
		FACF9D2425FEA07C00A0D913 = {
			isa = PBXGroup;
			children = (
				FACF9D2F25FEA07C00A0D913 /* apiQRCode */,
				FACF9D4925FEA08100A0D913 /* apiQRCodeTests */,
				FACF9D5425FEA08100A0D913 /* apiQRCodeUITests */,
				FACF9D2E25FEA07C00A0D913 /* Products */,
			);
			sourceTree = "<group>";
		};
		FACF9D2E25FEA07C00A0D913 /* Products */ = {
			isa = PBXGroup;
			children = (
				FACF9D2D25FEA07C00A0D913 /* apiQRCode.app */,
				FACF9D4625FEA08100A0D913 /* apiQRCodeTests.xctest */,
				FACF9D5125FEA08100A0D913 /* apiQRCodeUITests.xctest */,
			);
			name = Products;
			sourceTree = "<group>";
		};
		FACF9D2F25FEA07C00A0D913 /* apiQRCode */ = {
			isa = PBXGroup;
			children = (
				FACF9D3025FEA07C00A0D913 /* AppDelegate.swift */,
				FACF9D3225FEA07C00A0D913 /* SceneDelegate.swift */,
				FACF9D3425FEA07C00A0D913 /* ViewController.swift */,
				FACF9D3625FEA07C00A0D913 /* Main.storyboard */,
				FACF9D3C25FEA08000A0D913 /* Assets.xcassets */,
				FACF9D3E25FEA08000A0D913 /* LaunchScreen.storyboard */,
				FACF9D4125FEA08000A0D913 /* Info.plist */,
				FACF9D3925FEA07C00A0D913 /* apiQRCode.xcdatamodeld */,
			);
			path = apiQRCode;
			sourceTree = "<group>";
		};
		FACF9D4925FEA08100A0D913 /* apiQRCodeTests */ = {
			isa = PBXGroup;
			children = (
				FACF9D4A25FEA08100A0D913 /* apiQRCodeTests.swift */,
				FACF9D4C25FEA08100A0D913 /* Info.plist */,
			);
			path = apiQRCodeTests;
			sourceTree = "<group>";
		};
		FACF9D5425FEA08100A0D913 /* apiQRCodeUITests */ = {
			isa = PBXGroup;
			children = (
				FACF9D5525FEA08100A0D913 /* apiQRCodeUITests.swift */,
				FACF9D5725FEA08100A0D913 /* Info.plist */,
			);
			path = apiQRCodeUITests;
			sourceTree = "<group>";
		};
/* End PBXGroup section */

/* Begin PBXNativeTarget section */
		FACF9D2C25FEA07C00A0D913 /* apiQRCode */ = {
			isa = PBXNativeTarget;
			buildConfigurationList = FACF9D5A25FEA08100A0D913 /* Build configuration list for PBXNativeTarget "apiQRCode" */;
			buildPhases = (
				FACF9D2925FEA07C00A0D913 /* Sources */,
				FACF9D2A25FEA07C00A0D913 /* Frameworks */,
				FACF9D2B25FEA07C00A0D913 /* Resources */,
			);
			buildRules = (
			);
			dependencies = (
			);
			name = apiQRCode;
			productName = apiQRCode;
			productReference = FACF9D2D25FEA07C00A0D913 /* apiQRCode.app */;
			productType = "com.apple.product-type.application";
		};
		FACF9D4525FEA08100A0D913 /* apiQRCodeTests */ = {
			isa = PBXNativeTarget;
			buildConfigurationList = FACF9D5D25FEA08100A0D913 /* Build configuration list for PBXNativeTarget "apiQRCodeTests" */;
			buildPhases = (
				FACF9D4225FEA08100A0D913 /* Sources */,
				FACF9D4325FEA08100A0D913 /* Frameworks */,
				FACF9D4425FEA08100A0D913 /* Resources */,
			);
			buildRules = (
			);
			dependencies = (
				FACF9D4825FEA08100A0D913 /* PBXTargetDependency */,
			);
			name = apiQRCodeTests;
			productName = apiQRCodeTests;
			productReference = FACF9D4625FEA08100A0D913 /* apiQRCodeTests.xctest */;
			productType = "com.apple.product-type.bundle.unit-test";
		};
		FACF9D5025FEA08100A0D913 /* apiQRCodeUITests */ = {
			isa = PBXNativeTarget;
			buildConfigurationList = FACF9D6025FEA08100A0D913 /* Build configuration list for PBXNativeTarget "apiQRCodeUITests" */;
			buildPhases = (
				FACF9D4D25FEA08100A0D913 /* Sources */,
				FACF9D4E25FEA08100A0D913 /* Frameworks */,
				FACF9D4F25FEA08100A0D913 /* Resources */,
			);
			buildRules = (
			);
			dependencies = (
				FACF9D5325FEA08100A0D913 /* PBXTargetDependency */,
			);
			name = apiQRCodeUITests;
			productName = apiQRCodeUITests;
			productReference = FACF9D5125FEA08100A0D913 /* apiQRCodeUITests.xctest */;
			productType = "com.apple.product-type.bundle.ui-testing";
		};
/* End PBXNativeTarget section */

/* Begin PBXProject section */
		FACF9D2525FEA07C00A0D913 /* Project object */ = {
			isa = PBXProject;
			attributes = {
				LastSwiftUpdateCheck = 1240;
				LastUpgradeCheck = 1240;
				TargetAttributes = {
					FACF9D2C25FEA07C00A0D913 = {
						CreatedOnToolsVersion = 12.4;
					};
					FACF9D4525FEA08100A0D913 = {
						CreatedOnToolsVersion = 12.4;
						TestTargetID = FACF9D2C25FEA07C00A0D913;
					};
					FACF9D5025FEA08100A0D913 = {
						CreatedOnToolsVersion = 12.4;
						TestTargetID = FACF9D2C25FEA07C00A0D913;
					};
				};
			};
			buildConfigurationList = FACF9D2825FEA07C00A0D913 /* Build configuration list for PBXProject "apiQRCode" */;
			compatibilityVersion = "Xcode 9.3";
			developmentRegion = en;
			hasScannedForEncodings = 0;
			knownRegions = (
				en,
				Base,
			);
			mainGroup = FACF9D2425FEA07C00A0D913;
			productRefGroup = FACF9D2E25FEA07C00A0D913 /* Products */;
			projectDirPath = "";
			projectRoot = "";
			targets = (
				FACF9D2C25FEA07C00A0D913 /* apiQRCode */,
				FACF9D4525FEA08100A0D913 /* apiQRCodeTests */,
				FACF9D5025FEA08100A0D913 /* apiQRCodeUITests */,
			);
		};
/* End PBXProject section */

/* Begin PBXResourcesBuildPhase section */
		FACF9D2B25FEA07C00A0D913 /* Resources */ = {
			isa = PBXResourcesBuildPhase;
			buildActionMask = 2147483647;
			files = (
				FACF9D4025FEA08000A0D913 /* LaunchScreen.storyboard in Resources */,
				FACF9D3D25FEA08000A0D913 /* Assets.xcassets in Resources */,
				FACF9D3825FEA07C00A0D913 /* Main.storyboard in Resources */,
			);
			runOnlyForDeploymentPostprocessing = 0;
		};
		FACF9D4425FEA08100A0D913 /* Resources */ = {
			isa = PBXResourcesBuildPhase;
			buildActionMask = 2147483647;
			files = (
			);
			runOnlyForDeploymentPostprocessing = 0;
		};
		FACF9D4F25FEA08100A0D913 /* Resources */ = {
			isa = PBXResourcesBuildPhase;
			buildActionMask = 2147483647;
			files = (
			);
			runOnlyForDeploymentPostprocessing = 0;
		};
/* End PBXResourcesBuildPhase section */

/* Begin PBXSourcesBuildPhase section */
		FACF9D2925FEA07C00A0D913 /* Sources */ = {
			isa = PBXSourcesBuildPhase;
			buildActionMask = 2147483647;
			files = (
				FACF9D3525FEA07C00A0D913 /* ViewController.swift in Sources */,
				FACF9D3125FEA07C00A0D913 /* AppDelegate.swift in Sources */,
				FACF9D3B25FEA07C00A0D913 /* apiQRCode.xcdatamodeld in Sources */,
				FACF9D3325FEA07C00A0D913 /* SceneDelegate.swift in Sources */,
			);
			runOnlyForDeploymentPostprocessing = 0;
		};
		FACF9D4225FEA08100A0D913 /* Sources */ = {
			isa = PBXSourcesBuildPhase;
			buildActionMask = 2147483647;
			files = (
				FACF9D4B25FEA08100A0D913 /* apiQRCodeTests.swift in Sources */,
			);
			runOnlyForDeploymentPostprocessing = 0;
		};
		FACF9D4D25FEA08100A0D913 /* Sources */ = {
			isa = PBXSourcesBuildPhase;
			buildActionMask = 2147483647;
			files = (
				FACF9D5625FEA08100A0D913 /* apiQRCodeUITests.swift in Sources */,
			);
			runOnlyForDeploymentPostprocessing = 0;
		};
/* End PBXSourcesBuildPhase section */

/* Begin PBXTargetDependency section */
		FACF9D4825FEA08100A0D913 /* PBXTargetDependency */ = {
			isa = PBXTargetDependency;
			target = FACF9D2C25FEA07C00A0D913 /* apiQRCode */;
			targetProxy = FACF9D4725FEA08100A0D913 /* PBXContainerItemProxy */;
		};
		FACF9D5325FEA08100A0D913 /* PBXTargetDependency */ = {
			isa = PBXTargetDependency;
			target = FACF9D2C25FEA07C00A0D913 /* apiQRCode */;
			targetProxy = FACF9D5225FEA08100A0D913 /* PBXContainerItemProxy */;
		};
/* End PBXTargetDependency section */

/* Begin PBXVariantGroup section */
		FACF9D3625FEA07C00A0D913 /* Main.storyboard */ = {
			isa = PBXVariantGroup;
			children = (
				FACF9D3725FEA07C00A0D913 /* Base */,
			);
			name = Main.storyboard;
			sourceTree = "<group>";
		};
		FACF9D3E25FEA08000A0D913 /* LaunchScreen.storyboard */ = {
			isa = PBXVariantGroup;
			children = (
				FACF9D3F25FEA08000A0D913 /* Base */,
			);
			name = LaunchScreen.storyboard;
			sourceTree = "<group>";
		};
/* End PBXVariantGroup section */

/* Begin XCBuildConfiguration section */
		FACF9D5825FEA08100A0D913 /* Debug */ = {
			isa = XCBuildConfiguration;
			buildSettings = {
				ALWAYS_SEARCH_USER_PATHS = NO;
				CLANG_ANALYZER_NONNULL = YES;
				CLANG_ANALYZER_NUMBER_OBJECT_CONVERSION = YES_AGGRESSIVE;
				CLANG_CXX_LANGUAGE_STANDARD = "gnu++14";
				CLANG_CXX_LIBRARY = "libc++";
				CLANG_ENABLE_MODULES = YES;
				CLANG_ENABLE_OBJC_ARC = YES;
				CLANG_ENABLE_OBJC_WEAK = YES;
				CLANG_WARN_BLOCK_CAPTURE_AUTORELEASING = YES;
				CLANG_WARN_BOOL_CONVERSION = YES;
				CLANG_WARN_COMMA = YES;
				CLANG_WARN_CONSTANT_CONVERSION = YES;
				CLANG_WARN_DEPRECATED_OBJC_IMPLEMENTATIONS = YES;
				CLANG_WARN_DIRECT_OBJC_ISA_USAGE = YES_ERROR;
				CLANG_WARN_DOCUMENTATION_COMMENTS = YES;
				CLANG_WARN_EMPTY_BODY = YES;
				CLANG_WARN_ENUM_CONVERSION = YES;
				CLANG_WARN_INFINITE_RECURSION = YES;
				CLANG_WARN_INT_CONVERSION = YES;
				CLANG_WARN_NON_LITERAL_NULL_CONVERSION = YES;
				CLANG_WARN_OBJC_IMPLICIT_RETAIN_SELF = YES;
				CLANG_WARN_OBJC_LITERAL_CONVERSION = YES;
				CLANG_WARN_OBJC_ROOT_CLASS = YES_ERROR;
				CLANG_WARN_QUOTED_INCLUDE_IN_FRAMEWORK_HEADER = YES;
				CLANG_WARN_RANGE_LOOP_ANALYSIS = YES;
				CLANG_WARN_STRICT_PROTOTYPES = YES;
				CLANG_WARN_SUSPICIOUS_MOVE = YES;
				CLANG_WARN_UNGUARDED_AVAILABILITY = YES_AGGRESSIVE;
				CLANG_WARN_UNREACHABLE_CODE = YES;
				CLANG_WARN__DUPLICATE_METHOD_MATCH = YES;
				COPY_PHASE_STRIP = NO;
				DEBUG_INFORMATION_FORMAT = dwarf;
				ENABLE_STRICT_OBJC_MSGSEND = YES;
				ENABLE_TESTABILITY = YES;
				GCC_C_LANGUAGE_STANDARD = gnu11;
				GCC_DYNAMIC_NO_PIC = NO;
				GCC_NO_COMMON_BLOCKS = YES;
				GCC_OPTIMIZATION_LEVEL = 0;
				GCC_PREPROCESSOR_DEFINITIONS = (
					"DEBUG=1",
					"$(inherited)",
				);
				GCC_WARN_64_TO_32_BIT_CONVERSION = YES;
				GCC_WARN_ABOUT_RETURN_TYPE = YES_ERROR;
				GCC_WARN_UNDECLARED_SELECTOR = YES;
				GCC_WARN_UNINITIALIZED_AUTOS = YES_AGGRESSIVE;
				GCC_WARN_UNUSED_FUNCTION = YES;
				GCC_WARN_UNUSED_VARIABLE = YES;
				IPHONEOS_DEPLOYMENT_TARGET = 14.4;
				MTL_ENABLE_DEBUG_INFO = INCLUDE_SOURCE;
				MTL_FAST_MATH = YES;
				ONLY_ACTIVE_ARCH = YES;
				SDKROOT = iphoneos;
				SWIFT_ACTIVE_COMPILATION_CONDITIONS = DEBUG;
				SWIFT_OPTIMIZATION_LEVEL = "-Onone";
			};
			name = Debug;
		};
		FACF9D5925FEA08100A0D913 /* Release */ = {
			isa = XCBuildConfiguration;
			buildSettings = {
				ALWAYS_SEARCH_USER_PATHS = NO;
				CLANG_ANALYZER_NONNULL = YES;
				CLANG_ANALYZER_NUMBER_OBJECT_CONVERSION = YES_AGGRESSIVE;
				CLANG_CXX_LANGUAGE_STANDARD = "gnu++14";
				CLANG_CXX_LIBRARY = "libc++";
				CLANG_ENABLE_MODULES = YES;
				CLANG_ENABLE_OBJC_ARC = YES;
				CLANG_ENABLE_OBJC_WEAK = YES;
				CLANG_WARN_BLOCK_CAPTURE_AUTORELEASING = YES;
				CLANG_WARN_BOOL_CONVERSION = YES;
				CLANG_WARN_COMMA = YES;
				CLANG_WARN_CONSTANT_CONVERSION = YES;
				CLANG_WARN_DEPRECATED_OBJC_IMPLEMENTATIONS = YES;
				CLANG_WARN_DIRECT_OBJC_ISA_USAGE = YES_ERROR;
				CLANG_WARN_DOCUMENTATION_COMMENTS = YES;
				CLANG_WARN_EMPTY_BODY = YES;
				CLANG_WARN_ENUM_CONVERSION = YES;
				CLANG_WARN_INFINITE_RECURSION = YES;
				CLANG_WARN_INT_CONVERSION = YES;
				CLANG_WARN_NON_LITERAL_NULL_CONVERSION = YES;
				CLANG_WARN_OBJC_IMPLICIT_RETAIN_SELF = YES;
				CLANG_WARN_OBJC_LITERAL_CONVERSION = YES;
				CLANG_WARN_OBJC_ROOT_CLASS = YES_ERROR;
				CLANG_WARN_QUOTED_INCLUDE_IN_FRAMEWORK_HEADER = YES;
				CLANG_WARN_RANGE_LOOP_ANALYSIS = YES;
				CLANG_WARN_STRICT_PROTOTYPES = YES;
				CLANG_WARN_SUSPICIOUS_MOVE = YES;
				CLANG_WARN_UNGUARDED_AVAILABILITY = YES_AGGRESSIVE;
				CLANG_WARN_UNREACHABLE_CODE = YES;
				CLANG_WARN__DUPLICATE_METHOD_MATCH = YES;
				COPY_PHASE_STRIP = NO;
				DEBUG_INFORMATION_FORMAT = "dwarf-with-dsym";
				ENABLE_NS_ASSERTIONS = NO;
				ENABLE_STRICT_OBJC_MSGSEND = YES;
				GCC_C_LANGUAGE_STANDARD = gnu11;
				GCC_NO_COMMON_BLOCKS = YES;
				GCC_WARN_64_TO_32_BIT_CONVERSION = YES;
				GCC_WARN_ABOUT_RETURN_TYPE = YES_ERROR;
				GCC_WARN_UNDECLARED_SELECTOR = YES;
				GCC_WARN_UNINITIALIZED_AUTOS = YES_AGGRESSIVE;
				GCC_WARN_UNUSED_FUNCTION = YES;
				GCC_WARN_UNUSED_VARIABLE = YES;
				IPHONEOS_DEPLOYMENT_TARGET = 14.4;
				MTL_ENABLE_DEBUG_INFO = NO;
				MTL_FAST_MATH = YES;
				SDKROOT = iphoneos;
				SWIFT_COMPILATION_MODE = wholemodule;
				SWIFT_OPTIMIZATION_LEVEL = "-O";
				VALIDATE_PRODUCT = YES;
			};
			name = Release;
		};
		FACF9D5B25FEA08100A0D913 /* Debug */ = {
			isa = XCBuildConfiguration;
			buildSettings = {
				ASSETCATALOG_COMPILER_APPICON_NAME = AppIcon;
				ASSETCATALOG_COMPILER_GLOBAL_ACCENT_COLOR_NAME = AccentColor;
				CODE_SIGN_STYLE = Automatic;
				DEVELOPMENT_TEAM = 56W74CRX5U;
				INFOPLIST_FILE = apiQRCode/Info.plist;
				LD_RUNPATH_SEARCH_PATHS = (
					"$(inherited)",
					"@executable_path/Frameworks",
				);
				PRODUCT_BUNDLE_IDENTIFIER = eroseloy.apiQRCode;
				PRODUCT_NAME = "$(TARGET_NAME)";
				SWIFT_VERSION = 5.0;
				TARGETED_DEVICE_FAMILY = "1,2";
			};
			name = Debug;
		};
		FACF9D5C25FEA08100A0D913 /* Release */ = {
			isa = XCBuildConfiguration;
			buildSettings = {
				ASSETCATALOG_COMPILER_APPICON_NAME = AppIcon;
				ASSETCATALOG_COMPILER_GLOBAL_ACCENT_COLOR_NAME = AccentColor;
				CODE_SIGN_STYLE = Automatic;
				DEVELOPMENT_TEAM = 56W74CRX5U;
				INFOPLIST_FILE = apiQRCode/Info.plist;
				LD_RUNPATH_SEARCH_PATHS = (
					"$(inherited)",
					"@executable_path/Frameworks",
				);
				PRODUCT_BUNDLE_IDENTIFIER = eroseloy.apiQRCode;
				PRODUCT_NAME = "$(TARGET_NAME)";
				SWIFT_VERSION = 5.0;
				TARGETED_DEVICE_FAMILY = "1,2";
			};
			name = Release;
		};
		FACF9D5E25FEA08100A0D913 /* Debug */ = {
			isa = XCBuildConfiguration;
			buildSettings = {
				ALWAYS_EMBED_SWIFT_STANDARD_LIBRARIES = YES;
				BUNDLE_LOADER = "$(TEST_HOST)";
				CODE_SIGN_STYLE = Automatic;
				DEVELOPMENT_TEAM = 56W74CRX5U;
				INFOPLIST_FILE = apiQRCodeTests/Info.plist;
				IPHONEOS_DEPLOYMENT_TARGET = 14.4;
				LD_RUNPATH_SEARCH_PATHS = (
					"$(inherited)",
					"@executable_path/Frameworks",
					"@loader_path/Frameworks",
				);
				PRODUCT_BUNDLE_IDENTIFIER = eroseloy.apiQRCodeTests;
				PRODUCT_NAME = "$(TARGET_NAME)";
				SWIFT_VERSION = 5.0;
				TARGETED_DEVICE_FAMILY = "1,2";
				TEST_HOST = "$(BUILT_PRODUCTS_DIR)/apiQRCode.app/apiQRCode";
			};
			name = Debug;
		};
		FACF9D5F25FEA08100A0D913 /* Release */ = {
			isa = XCBuildConfiguration;
			buildSettings = {
				ALWAYS_EMBED_SWIFT_STANDARD_LIBRARIES = YES;
				BUNDLE_LOADER = "$(TEST_HOST)";
				CODE_SIGN_STYLE = Automatic;
				DEVELOPMENT_TEAM = 56W74CRX5U;
				INFOPLIST_FILE = apiQRCodeTests/Info.plist;
				IPHONEOS_DEPLOYMENT_TARGET = 14.4;
				LD_RUNPATH_SEARCH_PATHS = (
					"$(inherited)",
					"@executable_path/Frameworks",
					"@loader_path/Frameworks",
				);
				PRODUCT_BUNDLE_IDENTIFIER = eroseloy.apiQRCodeTests;
				PRODUCT_NAME = "$(TARGET_NAME)";
				SWIFT_VERSION = 5.0;
				TARGETED_DEVICE_FAMILY = "1,2";
				TEST_HOST = "$(BUILT_PRODUCTS_DIR)/apiQRCode.app/apiQRCode";
			};
			name = Release;
		};
		FACF9D6125FEA08100A0D913 /* Debug */ = {
			isa = XCBuildConfiguration;
			buildSettings = {
				ALWAYS_EMBED_SWIFT_STANDARD_LIBRARIES = YES;
				CODE_SIGN_STYLE = Automatic;
				DEVELOPMENT_TEAM = 56W74CRX5U;
				INFOPLIST_FILE = apiQRCodeUITests/Info.plist;
				LD_RUNPATH_SEARCH_PATHS = (
					"$(inherited)",
					"@executable_path/Frameworks",
					"@loader_path/Frameworks",
				);
				PRODUCT_BUNDLE_IDENTIFIER = eroseloy.apiQRCodeUITests;
				PRODUCT_NAME = "$(TARGET_NAME)";
				SWIFT_VERSION = 5.0;
				TARGETED_DEVICE_FAMILY = "1,2";
				TEST_TARGET_NAME = apiQRCode;
			};
			name = Debug;
		};
		FACF9D6225FEA08100A0D913 /* Release */ = {
			isa = XCBuildConfiguration;
			buildSettings = {
				ALWAYS_EMBED_SWIFT_STANDARD_LIBRARIES = YES;
				CODE_SIGN_STYLE = Automatic;
				DEVELOPMENT_TEAM = 56W74CRX5U;
				INFOPLIST_FILE = apiQRCodeUITests/Info.plist;
				LD_RUNPATH_SEARCH_PATHS = (
					"$(inherited)",
					"@executable_path/Frameworks",
					"@loader_path/Frameworks",
				);
				PRODUCT_BUNDLE_IDENTIFIER = eroseloy.apiQRCodeUITests;
				PRODUCT_NAME = "$(TARGET_NAME)";
				SWIFT_VERSION = 5.0;
				TARGETED_DEVICE_FAMILY = "1,2";
				TEST_TARGET_NAME = apiQRCode;
			};
			name = Release;
		};
/* End XCBuildConfiguration section */

/* Begin XCConfigurationList section */
		FACF9D2825FEA07C00A0D913 /* Build configuration list for PBXProject "apiQRCode" */ = {
			isa = XCConfigurationList;
			buildConfigurations = (
				FACF9D5825FEA08100A0D913 /* Debug */,
				FACF9D5925FEA08100A0D913 /* Release */,
			);
			defaultConfigurationIsVisible = 0;
			defaultConfigurationName = Release;
		};
		FACF9D5A25FEA08100A0D913 /* Build configuration list for PBXNativeTarget "apiQRCode" */ = {
			isa = XCConfigurationList;
			buildConfigurations = (
				FACF9D5B25FEA08100A0D913 /* Debug */,
				FACF9D5C25FEA08100A0D913 /* Release */,
			);
			defaultConfigurationIsVisible = 0;
			defaultConfigurationName = Release;
		};
		FACF9D5D25FEA08100A0D913 /* Build configuration list for PBXNativeTarget "apiQRCodeTests" */ = {
			isa = XCConfigurationList;
			buildConfigurations = (
				FACF9D5E25FEA08100A0D913 /* Debug */,
				FACF9D5F25FEA08100A0D913 /* Release */,
			);
			defaultConfigurationIsVisible = 0;
			defaultConfigurationName = Release;
		};
		FACF9D6025FEA08100A0D913 /* Build configuration list for PBXNativeTarget "apiQRCodeUITests" */ = {
			isa = XCConfigurationList;
			buildConfigurations = (
				FACF9D6125FEA08100A0D913 /* Debug */,
				FACF9D6225FEA08100A0D913 /* Release */,
			);
			defaultConfigurationIsVisible = 0;
			defaultConfigurationName = Release;
		};
/* End XCConfigurationList section */

/* Begin XCVersionGroup section */
		FACF9D3925FEA07C00A0D913 /* apiQRCode.xcdatamodeld */ = {
			isa = XCVersionGroup;
			children = (
				FACF9D3A25FEA07C00A0D913 /* apiQRCode.xcdatamodel */,
			);
			currentVersion = FACF9D3A25FEA07C00A0D913 /* apiQRCode.xcdatamodel */;
			path = apiQRCode.xcdatamodeld;
			sourceTree = "<group>";
			versionGroupType = wrapper.xcdatamodel;
		};
/* End XCVersionGroup section */
	};
	rootObject = FACF9D2525FEA07C00A0D913 /* Project object */;
}
